
Microsoft Visual Studio Solution File, Format Version 12.00
# Visual Studio Version 17
VisualStudioVersion = 17.10.34928.147
MinimumVisualStudioVersion = 10.0.40219.1
Project("{FAE04EC0-301F-11D3-BF4B-00C04F79EFBC}") = "CheckpointCSharp", "CheckpointCSharp\CheckpointCSharp.csproj", "{C37211F4-507F-423A-BE0D-040D45229EF3}"
EndProject
Global
	GlobalSection(SolutionConfigurationPlatforms) = preSolution
		Debug|Any CPU = Debug|Any CPU
		Release|Any CPU = Release|Any CPU
	EndGlobalSection
	GlobalSection(ProjectConfigurationPlatforms) = postSolution
		{C37211F4-507F-423A-BE0D-040D45229EF3}.Debug|Any CPU.ActiveCfg = Debug|Any CPU
		{C37211F4-507F-423A-BE0D-040D45229EF3}.Debug|Any CPU.Build.0 = Debug|Any CPU
		{C37211F4-507F-423A-BE0D-040D45229EF3}.Release|Any CPU.ActiveCfg = Release|Any CPU
		{C37211F4-507F-423A-BE0D-040D45229EF3}.Release|Any CPU.Build.0 = Release|Any CPU
	EndGlobalSection
	GlobalSection(SolutionProperties) = preSolution
		HideSolutionNode = FALSE
	EndGlobalSection
	GlobalSection(ExtensibilityGlobals) = postSolution
		SolutionGuid = {88D696A6-D11A-4656-B517-49DF424D693A}
	EndGlobalSection
EndGlobal
